
Microsoft Visual Studio Solution File, Format Version 9.00
# Visual Studio 2005
Project("{8BC9CEB8-8B4A-11D0-8D11-00A0C91BC942}") = "Ecuador", "Ecuador\Ecuador.vcproj", "{0B9EF5E8-888E-428E-A6A4-294B4C9F1248}"
EndProject
Global
	GlobalSection(SolutionConfigurationPlatforms) = preSolution
		Debug|Win32 = Debug|Win32
		Release|Win32 = Release|Win32
	EndGlobalSection
	GlobalSection(ProjectConfigurationPlatforms) = postSolution
		{0B9EF5E8-888E-428E-A6A4-294B4C9F1248}.Debug|Win32.ActiveCfg = Debug|Win32
		{0B9EF5E8-888E-428E-A6A4-294B4C9F1248}.Debug|Win32.Build.0 = Debug|Win32
		{0B9EF5E8-888E-428E-A6A4-294B4C9F1248}.Release|Win32.ActiveCfg = Release|Win32
		{0B9EF5E8-888E-428E-A6A4-294B4C9F1248}.Release|Win32.Build.0 = Release|Win32
	EndGlobalSection
	GlobalSection(SolutionProperties) = preSolution
		HideSolutionNode = FALSE
	EndGlobalSection
EndGlobal
